
Microsoft Visual Studio Solution File, Format Version 12.00
# Visual Studio Version 17
VisualStudioVersion = 17.13.35818.85 d17.13
MinimumVisualStudioVersion = 10.0.40219.1
Project("{FAE04EC0-301F-11D3-BF4B-00C04F79EFBC}") = "Lab1", "Lab1\Lab1.csproj", "{8572D990-E7DB-4C6A-8B3D-07EC2B9942AE}"
EndProject
Global
	GlobalSection(SolutionConfigurationPlatforms) = preSolution
		Debug|Any CPU = Debug|Any CPU
		Release|Any CPU = Release|Any CPU
	EndGlobalSection
	GlobalSection(ProjectConfigurationPlatforms) = postSolution
		{8572D990-E7DB-4C6A-8B3D-07EC2B9942AE}.Debug|Any CPU.ActiveCfg = Debug|Any CPU
		{8572D990-E7DB-4C6A-8B3D-07EC2B9942AE}.Debug|Any CPU.Build.0 = Debug|Any CPU
		{8572D990-E7DB-4C6A-8B3D-07EC2B9942AE}.Release|Any CPU.ActiveCfg = Release|Any CPU
		{8572D990-E7DB-4C6A-8B3D-07EC2B9942AE}.Release|Any CPU.Build.0 = Release|Any CPU
	EndGlobalSection
	GlobalSection(SolutionProperties) = preSolution
		HideSolutionNode = FALSE
	EndGlobalSection
	GlobalSection(ExtensibilityGlobals) = postSolution
		SolutionGuid = {63FC68C4-823F-41E4-A002-8E1CB9636589}
	EndGlobalSection
EndGlobal
